<Solution>
  <Folder Name="/Docs/">
    <File Path="../../../Downloads/bp-inventory-project-docs-api-design/docs/api-contract.md" />
    <File Path="../../../Downloads/bp-inventory-project-docs-api-design/docs/api-design-decisions.md" />
    <File Path="../../../Downloads/bp-inventory-project-docs-api-design/docs/api-examples.md" />
    <File Path="../../../Downloads/bp-inventory-project-docs-api-design/docs/dto-contracts.md" />
    <File Path="../../../Downloads/bp-inventory-project-docs-api-design/docs/endpoint-matrix.md" />
    <File Path="../../../Downloads/bp-inventory-project-docs-api-design/docs/http-conventions.md" />
    <File Path="../../../Downloads/bp-inventory-project-docs-phase4/docs/architecture-decisions.md" />
    <File Path="../../../Downloads/bp-inventory-project-docs-phase4/docs/architecture.md" />
    <File Path="../../../Downloads/bp-inventory-project-docs-phase4/docs/project-structure.md" />
    <File Path="../../../Downloads/bp-inventory-project-docs-phase4/docs/request-lifecycle.md" />
    <File Path="../../../Downloads/bp-inventory-project-docs-security/docs/auth-api-contract.md" />
    <File Path="../../../Downloads/bp-inventory-project-docs-security/docs/authorization-matrix.md" />
    <File Path="../../../Downloads/bp-inventory-project-docs-security/docs/identity-user-model.md" />
    <File Path="../../../Downloads/bp-inventory-project-docs-security/docs/security-architecture.md" />
    <File Path="../../../Downloads/bp-inventory-project-docs-security/docs/security-configuration.md" />
    <File Path="../../../Downloads/bp-inventory-project-docs-security/docs/security-decisions.md" />
    <File Path="../../../Downloads/bp-inventory-project-docs-security/docs/security-interview-notes.md" />
    <File Path="../../../Downloads/business-scope.md" />
    <File Path="../../../Downloads/data-dictionary.md" />
    <File Path="../../../Downloads/database-design.md" />
    <File Path="../../../Downloads/er-diagram.md" />
    <File Path="../../../Downloads/requirements.md" />
  </Folder>
  <Folder Name="/Solution Items/">
    <File Path="README.md" />
  </Folder>
  <Project Path="BPInventoryOps.Api/BPInventoryOps.Api.csproj" />
  <Project Path="tests/BPInventoryOps.Api.Tests/BPInventoryOps.Api.Tests.csproj" />
</Solution>
